
Microsoft Visual Studio Solution File, Format Version 12.00
# Visual Studio 14
VisualStudioVersion = 14.0.25420.1
MinimumVisualStudioVersion = 10.0.40219.1
Project("{FAE04EC0-301F-11D3-BF4B-00C04F79EFBC}") = "task1", "Burlakov_Maxim_task4\task1.csproj", "{1EDD13D5-C898-4181-8ADD-8CB7E57E8612}"
EndProject
Project("{FAE04EC0-301F-11D3-BF4B-00C04F79EFBC}") = "task2", "task2\task2.csproj", "{3FB3919D-8188-449E-BB25-A4780DA1FBB8}"
EndProject
Project("{FAE04EC0-301F-11D3-BF4B-00C04F79EFBC}") = "task3", "task3\task3.csproj", "{0E569E24-38C6-4E6E-9603-4335B61F87B3}"
EndProject
Project("{FAE04EC0-301F-11D3-BF4B-00C04F79EFBC}") = "task4", "task4\task4.csproj", "{97DC4A28-CE14-4D23-A0A6-C141DB8F81C8}"
EndProject
Global
	GlobalSection(SolutionConfigurationPlatforms) = preSolution
		Debug|Any CPU = Debug|Any CPU
		Release|Any CPU = Release|Any CPU
	EndGlobalSection
	GlobalSection(ProjectConfigurationPlatforms) = postSolution
		{1EDD13D5-C898-4181-8ADD-8CB7E57E8612}.Debug|Any CPU.ActiveCfg = Debug|Any CPU
		{1EDD13D5-C898-4181-8ADD-8CB7E57E8612}.Debug|Any CPU.Build.0 = Debug|Any CPU
		{1EDD13D5-C898-4181-8ADD-8CB7E57E8612}.Release|Any CPU.ActiveCfg = Release|Any CPU
		{1EDD13D5-C898-4181-8ADD-8CB7E57E8612}.Release|Any CPU.Build.0 = Release|Any CPU
		{3FB3919D-8188-449E-BB25-A4780DA1FBB8}.Debug|Any CPU.ActiveCfg = Debug|Any CPU
		{3FB3919D-8188-449E-BB25-A4780DA1FBB8}.Debug|Any CPU.Build.0 = Debug|Any CPU
		{3FB3919D-8188-449E-BB25-A4780DA1FBB8}.Release|Any CPU.ActiveCfg = Release|Any CPU
		{3FB3919D-8188-449E-BB25-A4780DA1FBB8}.Release|Any CPU.Build.0 = Release|Any CPU
		{0E569E24-38C6-4E6E-9603-4335B61F87B3}.Debug|Any CPU.ActiveCfg = Debug|Any CPU
		{0E569E24-38C6-4E6E-9603-4335B61F87B3}.Debug|Any CPU.Build.0 = Debug|Any CPU
		{0E569E24-38C6-4E6E-9603-4335B61F87B3}.Release|Any CPU.ActiveCfg = Release|Any CPU
		{0E569E24-38C6-4E6E-9603-4335B61F87B3}.Release|Any CPU.Build.0 = Release|Any CPU
		{97DC4A28-CE14-4D23-A0A6-C141DB8F81C8}.Debug|Any CPU.ActiveCfg = Debug|Any CPU
		{97DC4A28-CE14-4D23-A0A6-C141DB8F81C8}.Debug|Any CPU.Build.0 = Debug|Any CPU
		{97DC4A28-CE14-4D23-A0A6-C141DB8F81C8}.Release|Any CPU.ActiveCfg = Release|Any CPU
		{97DC4A28-CE14-4D23-A0A6-C141DB8F81C8}.Release|Any CPU.Build.0 = Release|Any CPU
	EndGlobalSection
	GlobalSection(SolutionProperties) = preSolution
		HideSolutionNode = FALSE
	EndGlobalSection
EndGlobal
