
Microsoft Visual Studio Solution File, Format Version 12.00
# Visual Studio 14
VisualStudioVersion = 14.0.25420.1
MinimumVisualStudioVersion = 10.0.40219.1
Project("{FAE04EC0-301F-11D3-BF4B-00C04F79EFBC}") = "Task1", "Burlakov_Maxim_task7\Task1.csproj", "{B5922042-AE91-46FB-BE41-2765F5146A3E}"
EndProject
Project("{FAE04EC0-301F-11D3-BF4B-00C04F79EFBC}") = "Task2", "Task2\Task2.csproj", "{350D6D01-41D7-46CD-8C2A-28703A959D11}"
EndProject
Global
	GlobalSection(SolutionConfigurationPlatforms) = preSolution
		Debug|Any CPU = Debug|Any CPU
		Release|Any CPU = Release|Any CPU
	EndGlobalSection
	GlobalSection(ProjectConfigurationPlatforms) = postSolution
		{B5922042-AE91-46FB-BE41-2765F5146A3E}.Debug|Any CPU.ActiveCfg = Debug|Any CPU
		{B5922042-AE91-46FB-BE41-2765F5146A3E}.Debug|Any CPU.Build.0 = Debug|Any CPU
		{B5922042-AE91-46FB-BE41-2765F5146A3E}.Release|Any CPU.ActiveCfg = Release|Any CPU
		{B5922042-AE91-46FB-BE41-2765F5146A3E}.Release|Any CPU.Build.0 = Release|Any CPU
		{350D6D01-41D7-46CD-8C2A-28703A959D11}.Debug|Any CPU.ActiveCfg = Debug|Any CPU
		{350D6D01-41D7-46CD-8C2A-28703A959D11}.Debug|Any CPU.Build.0 = Debug|Any CPU
		{350D6D01-41D7-46CD-8C2A-28703A959D11}.Release|Any CPU.ActiveCfg = Release|Any CPU
		{350D6D01-41D7-46CD-8C2A-28703A959D11}.Release|Any CPU.Build.0 = Release|Any CPU
	EndGlobalSection
	GlobalSection(SolutionProperties) = preSolution
		HideSolutionNode = FALSE
	EndGlobalSection
EndGlobal
