
Microsoft Visual Studio Solution File, Format Version 12.00
# Visual Studio 14
VisualStudioVersion = 14.0.25420.1
MinimumVisualStudioVersion = 10.0.40219.1
Project("{FAE04EC0-301F-11D3-BF4B-00C04F79EFBC}") = "task1", "Burlakov_Maxim_task6\task1.csproj", "{AE8CC686-4C74-47CE-AA58-FB02F44C8FC6}"
EndProject
Project("{FAE04EC0-301F-11D3-BF4B-00C04F79EFBC}") = "task2", "task2\task2.csproj", "{132B6FE3-BC71-40C4-80CE-BD123D0E30BC}"
EndProject
Project("{FAE04EC0-301F-11D3-BF4B-00C04F79EFBC}") = "task3", "task3\task3.csproj", "{B041BB3D-66B3-4E06-90DA-C8578DACD6D6}"
EndProject
Global
	GlobalSection(SolutionConfigurationPlatforms) = preSolution
		Debug|Any CPU = Debug|Any CPU
		Release|Any CPU = Release|Any CPU
	EndGlobalSection
	GlobalSection(ProjectConfigurationPlatforms) = postSolution
		{AE8CC686-4C74-47CE-AA58-FB02F44C8FC6}.Debug|Any CPU.ActiveCfg = Debug|Any CPU
		{AE8CC686-4C74-47CE-AA58-FB02F44C8FC6}.Debug|Any CPU.Build.0 = Debug|Any CPU
		{AE8CC686-4C74-47CE-AA58-FB02F44C8FC6}.Release|Any CPU.ActiveCfg = Release|Any CPU
		{AE8CC686-4C74-47CE-AA58-FB02F44C8FC6}.Release|Any CPU.Build.0 = Release|Any CPU
		{132B6FE3-BC71-40C4-80CE-BD123D0E30BC}.Debug|Any CPU.ActiveCfg = Debug|Any CPU
		{132B6FE3-BC71-40C4-80CE-BD123D0E30BC}.Debug|Any CPU.Build.0 = Debug|Any CPU
		{132B6FE3-BC71-40C4-80CE-BD123D0E30BC}.Release|Any CPU.ActiveCfg = Release|Any CPU
		{132B6FE3-BC71-40C4-80CE-BD123D0E30BC}.Release|Any CPU.Build.0 = Release|Any CPU
		{B041BB3D-66B3-4E06-90DA-C8578DACD6D6}.Debug|Any CPU.ActiveCfg = Debug|Any CPU
		{B041BB3D-66B3-4E06-90DA-C8578DACD6D6}.Debug|Any CPU.Build.0 = Debug|Any CPU
		{B041BB3D-66B3-4E06-90DA-C8578DACD6D6}.Release|Any CPU.ActiveCfg = Release|Any CPU
		{B041BB3D-66B3-4E06-90DA-C8578DACD6D6}.Release|Any CPU.Build.0 = Release|Any CPU
	EndGlobalSection
	GlobalSection(SolutionProperties) = preSolution
		HideSolutionNode = FALSE
	EndGlobalSection
EndGlobal
